lockfile_version: '1'
generated_at: '2026-06-03T05:18:30.239348+00:00'
apm_version: 0.16.1
dependencies:
- repo_url: anthropics/claude-plugins-official
  host: github.com
  resolved_commit: c917011ca692e188f5dbd32025044cb9fa6b011f
  virtual_path: plugins/claude-code-setup
  is_virtual: true
  package_type: marketplace_plugin
  deployed_files:
  - .claude/skills/claude-automation-recommender
  content_hash: sha256:11fd786ba7edf6ed23b81ea22b9e36cc37df6feb03b97365f90ba857681fdfb8
  is_dev: true
- repo_url: anthropics/claude-plugins-official
  host: github.com
  resolved_commit: c917011ca692e188f5dbd32025044cb9fa6b011f
  virtual_path: plugins/claude-md-management
  is_virtual: true
  package_type: marketplace_plugin
  deployed_files:
  - .claude/skills/claude-md-improver
  content_hash: sha256:eef0aa5a71845be937066ef304fbd152d523d2574587474d342def4c3e8514d4
  is_dev: true
- repo_url: anthropics/claude-plugins-official
  host: github.com
  resolved_commit: c917011ca692e188f5dbd32025044cb9fa6b011f
  virtual_path: plugins/commit-commands
  is_virtual: true
  package_type: marketplace_plugin
  content_hash: sha256:d3d3f4e8c7964c33a157e4da92a863c9a06e9b3b482e8f60e0d28cfcca916632
  is_dev: true
- repo_url: anthropics/claude-plugins-official
  host: github.com
  resolved_commit: c917011ca692e188f5dbd32025044cb9fa6b011f
  virtual_path: plugins/feature-dev
  is_virtual: true
  package_type: marketplace_plugin
  deployed_files:
  - .claude/agents/code-architect.md
  - .claude/agents/code-explorer.md
  deployed_file_hashes:
    .claude/agents/code-architect.md: sha256:c50fb08d59a4bbd19660860626a049e44cf1a2b0c1cf782e6c7a99ba7e71b0c3
    .claude/agents/code-explorer.md: sha256:3b277703de7458988ec3b8021c716f79f642e174950ed332629310f68322029a
  content_hash: sha256:9aca9c4df91c2d9f02126b2228d32753998ba0f057f15acd90197c389a100b98
  is_dev: true
- repo_url: anthropics/claude-plugins-official
  host: github.com
  resolved_commit: c917011ca692e188f5dbd32025044cb9fa6b011f
  virtual_path: plugins/pr-review-toolkit
  is_virtual: true
  package_type: marketplace_plugin
  deployed_files:
  - .claude/agents/code-reviewer.md
  - .claude/agents/code-simplifier.md
  - .claude/agents/comment-analyzer.md
  - .claude/agents/pr-test-analyzer.md
  - .claude/agents/silent-failure-hunter.md
  - .claude/agents/type-design-analyzer.md
  deployed_file_hashes:
    .claude/agents/code-reviewer.md: sha256:019395c3ce457460115cc703e2f4a86fed4bbe560dc58355051c4d877155d366
    .claude/agents/code-simplifier.md: sha256:976ddb22b84bc5a714216531a75db5e73169554add6b953442beeedb49b56891
    .claude/agents/comment-analyzer.md: sha256:4a9c1f2eb8234a4b9231983e75739663d512e1aed242388964a165a719b84698
    .claude/agents/pr-test-analyzer.md: sha256:fcb1cde9ba7b21694b508766a8d6a79bc91bed9982f828f816210059934f46b4
    .claude/agents/silent-failure-hunter.md: sha256:fa9b0daec5a267e7e66435cc48b3328301fc9f70c3af259fe248881327a1babc
    .claude/agents/type-design-analyzer.md: sha256:c1cf67843d3c4fd27ddf6b24aa92521414b16c01610e7f7e87212c7b8681198d
  content_hash: sha256:1275b3005fc7e0b060505c2f2846e7ce34b449ee2702e96f1c5d253a62f5af98
  is_dev: true
- repo_url: anthropics/claude-plugins-official
  host: github.com
  resolved_commit: c917011ca692e188f5dbd32025044cb9fa6b011f
  virtual_path: plugins/skill-creator
  is_virtual: true
  package_type: marketplace_plugin
  deployed_files:
  - .claude/skills/skill-creator
  content_hash: sha256:28534f78d3adb819f105bf86c741f306059980737a2865458d58abd635016199
  is_dev: true
- repo_url: dotnet/skills
  host: github.com
  resolved_commit: cb7c10bd32b250459632df9e6fa1350cdaf00b18
  resolved_ref: cb7c10bd32b250459632df9e6fa1350cdaf00b18
  virtual_path: plugins/dotnet
  is_virtual: true
  package_type: marketplace_plugin
  deployed_files:
  - .claude/skills/csharp-scripts
  - .claude/skills/dotnet-pinvoke
  - .claude/skills/nuget-trusted-publishing
  content_hash: sha256:37ba523b6ad7cafeed801d7a96069eafa9bdcf3fdb160722ac7ad4f7fae5ce88
- repo_url: dotnet/skills
  host: github.com
  resolved_commit: cb7c10bd32b250459632df9e6fa1350cdaf00b18
  resolved_ref: cb7c10bd32b250459632df9e6fa1350cdaf00b18
  virtual_path: plugins/dotnet-ai
  is_virtual: true
  package_type: marketplace_plugin
  deployed_files:
  - .claude/skills/mcp-csharp-create
  - .claude/skills/mcp-csharp-debug
  - .claude/skills/mcp-csharp-publish
  - .claude/skills/mcp-csharp-test
  - .claude/skills/technology-selection
  content_hash: sha256:ea7a6be825dfc35b5d51f9e3e0f4d1d3200e97751dd1eb4ef85a6b355a0db88a
- repo_url: dotnet/skills
  host: github.com
  resolved_commit: cb7c10bd32b250459632df9e6fa1350cdaf00b18
  resolved_ref: cb7c10bd32b250459632df9e6fa1350cdaf00b18
  virtual_path: plugins/dotnet-aspnet
  is_virtual: true
  package_type: marketplace_plugin
  deployed_files:
  - .claude/skills/configuring-opentelemetry-dotnet
  - .claude/skills/minimal-api-file-upload
  content_hash: sha256:3c2b48bca502c175aab48651f8be2b1fd5247a0bd3cdc71f501df5e55d724a1c
- repo_url: dotnet/skills
  host: github.com
  resolved_commit: cb7c10bd32b250459632df9e6fa1350cdaf00b18
  resolved_ref: cb7c10bd32b250459632df9e6fa1350cdaf00b18
  virtual_path: plugins/dotnet-data
  is_virtual: true
  package_type: marketplace_plugin
  deployed_files:
  - .claude/skills/optimizing-ef-core-queries
  content_hash: sha256:61cd685d476bcc2e9cbd9d0fe2cdf49908eb17703091521e8323cfe085f46222
- repo_url: dotnet/skills
  host: github.com
  resolved_commit: cb7c10bd32b250459632df9e6fa1350cdaf00b18
  resolved_ref: cb7c10bd32b250459632df9e6fa1350cdaf00b18
  virtual_path: plugins/dotnet-diag
  is_virtual: true
  package_type: marketplace_plugin
  deployed_files:
  - .claude/agents/optimizing-dotnet-performance.md
  - .claude/skills/analyzing-dotnet-performance
  - .claude/skills/android-tombstone-symbolication
  - .claude/skills/apple-crash-symbolication
  - .claude/skills/clr-activation-debugging
  - .claude/skills/dotnet-trace-collect
  - .claude/skills/dump-collect
  - .claude/skills/microbenchmarking
  deployed_file_hashes:
    .claude/agents/optimizing-dotnet-performance.md: sha256:18010cbb5206ae9d77aaeb8c89e24f24a569132696a7402e0dde79e2c33fb7fb
  content_hash: sha256:f9f1d30ad3ecbd9a2106152cbacecca2969712b0136313345388d2797d6c925b
- repo_url: dotnet/skills
  host: github.com
  resolved_commit: cb7c10bd32b250459632df9e6fa1350cdaf00b18
  resolved_ref: cb7c10bd32b250459632df9e6fa1350cdaf00b18
  virtual_path: plugins/dotnet-msbuild
  is_virtual: true
  package_type: marketplace_plugin
  deployed_files:
  - .claude/agents/build-perf.md
  - .claude/agents/msbuild-code-review.md
  - .claude/agents/msbuild.md
  - .claude/skills/binlog-failure-analysis
  - .claude/skills/binlog-generation
  - .claude/skills/build-parallelism
  - .claude/skills/build-perf-baseline
  - .claude/skills/build-perf-diagnostics
  - .claude/skills/check-bin-obj-clash
  - .claude/skills/directory-build-organization
  - .claude/skills/eval-performance
  - .claude/skills/including-generated-files
  - .claude/skills/incremental-build
  - .claude/skills/msbuild-antipatterns
  - .claude/skills/msbuild-modernization
  - .claude/skills/msbuild-server
  - .claude/skills/resolve-project-references
  deployed_file_hashes:
    .claude/agents/build-perf.md: sha256:6ed68b50b2d40e6bca4607f95c6155d2b39c98b48087113c788b92e8c7fe4262
    .claude/agents/msbuild-code-review.md: sha256:4b7b73b468ab2d89ac85fa44e07b15186ccb143d03c96cba3309eb5d5c44a4fd
    .claude/agents/msbuild.md: sha256:368bc1d1020563778bbe84288330fa889541affa4e153fd40bdeb1fe1918d356
  content_hash: sha256:4b05beb27b59b0b0e1ea25e5565674a5c00fb3094aa2d2e1de74cb468700672c
- repo_url: dotnet/skills
  host: github.com
  resolved_commit: cb7c10bd32b250459632df9e6fa1350cdaf00b18
  resolved_ref: cb7c10bd32b250459632df9e6fa1350cdaf00b18
  virtual_path: plugins/dotnet-nuget
  is_virtual: true
  package_type: marketplace_plugin
  deployed_files:
  - .claude/skills/convert-to-cpm
  content_hash: sha256:cbda40bfba9e271faa6060f128bfb31d56c1078d02456dda354add24bcba1b31
- repo_url: dotnet/skills
  host: github.com
  resolved_commit: cb7c10bd32b250459632df9e6fa1350cdaf00b18
  resolved_ref: cb7c10bd32b250459632df9e6fa1350cdaf00b18
  virtual_path: plugins/dotnet-test
  is_virtual: true
  package_type: marketplace_plugin
  deployed_files:
  - .claude/agents/code-testing-builder.md
  - .claude/agents/code-testing-fixer.md
  - .claude/agents/code-testing-generator.md
  - .claude/agents/code-testing-implementer.md
  - .claude/agents/code-testing-linter.md
  - .claude/agents/code-testing-planner.md
  - .claude/agents/code-testing-researcher.md
  - .claude/agents/code-testing-tester.md
  - .claude/agents/test-migration.md
  - .claude/agents/test-quality-auditor.md
  - .claude/agents/testability-migration.md
  - .claude/skills/code-testing-agent
  - .claude/skills/coverage-analysis
  - .claude/skills/crap-score
  - .claude/skills/detect-static-dependencies
  - .claude/skills/dotnet-test-frameworks
  - .claude/skills/filter-syntax
  - .claude/skills/generate-testability-wrappers
  - .claude/skills/migrate-mstest-v1v2-to-v3
  - .claude/skills/migrate-mstest-v3-to-v4
  - .claude/skills/migrate-static-to-wrapper
  - .claude/skills/migrate-vstest-to-mtp
  - .claude/skills/migrate-xunit-to-xunit-v3
  - .claude/skills/mtp-hot-reload
  - .claude/skills/platform-detection
  - .claude/skills/run-tests
  - .claude/skills/test-anti-patterns
  - .claude/skills/writing-mstest-tests
  deployed_file_hashes:
    .claude/agents/code-testing-builder.md: sha256:0f69c327f057da1a51904a798268e712f819ab082a08a24cc82b37f812c80590
    .claude/agents/code-testing-fixer.md: sha256:7a69125f47d7ee149d33ffa0b0711433364ed9bfcfd3ddbf6eff01fcc3350a4a
    .claude/agents/code-testing-generator.md: sha256:b205c2c2e206bba318826d30f63b0967ec2ac0bb1b766cb8664ed92b90a17ba7
    .claude/agents/code-testing-implementer.md: sha256:c1f5e58479f1f65138781abbf5684de157898edb7c71b7e3fa71ab8f46121cd7
    .claude/agents/code-testing-linter.md: sha256:98d555d7f9d247c5c625ccf9fa27b00f98cdd1d81188c1fc7a939234e57a1360
    .claude/agents/code-testing-planner.md: sha256:9dbaa9fadc59940858fb4b846c68f4842600ab92978cf57f1fdeb4db344fce1c
    .claude/agents/code-testing-researcher.md: sha256:7469ce826d53b86b6c9e26c057d9a8053f7182ee7bf9c08d15fa0fbf6ac23ce9
    .claude/agents/code-testing-tester.md: sha256:915ebf5e6b081ec80b32efec390aa51ac098c58c5699dbfd704b6bd9e90934ef
    .claude/agents/test-migration.md: sha256:6d441c6b46c9420c3404f027d10394ed35948ca6a68ffe42a957876b2d1d7a21
    .claude/agents/test-quality-auditor.md: sha256:03ccdce2f4d89884c63625782e2e64d97c4be60fa9b0c1eb4bcf2bcbe4fff679
    .claude/agents/testability-migration.md: sha256:f482e483ad7ccac20c9a39a1eebb6e505f72d86febe21e564c1753acc79a0c4d
  content_hash: sha256:5c560ab6dbb8551d033738b0035085cb73bc83f39e0e3a88dbad3a7cdd927ba9
- repo_url: dotnet/skills
  host: github.com
  resolved_commit: cb7c10bd32b250459632df9e6fa1350cdaf00b18
  resolved_ref: cb7c10bd32b250459632df9e6fa1350cdaf00b18
  virtual_path: plugins/dotnet-upgrade
  is_virtual: true
  package_type: marketplace_plugin
  deployed_files:
  - .claude/skills/dotnet-aot-compat
  - .claude/skills/migrate-dotnet10-to-dotnet11
  - .claude/skills/migrate-dotnet8-to-dotnet9
  - .claude/skills/migrate-dotnet9-to-dotnet10
  - .claude/skills/migrate-nullable-references
  - .claude/skills/thread-abort-migration
  content_hash: sha256:8a59bc01d6039706543e6b178e48ba5a574afac02a38a7b2206bcee0643884f1
