{
  "version": 2,
  "dependencies": {
    ".NETFramework,Version=v4.8.1": {
      "Microsoft.CodeAnalysis.CSharp.CodeStyle": {
        "type": "Direct",
        "requested": "[5.6.0, )",
        "resolved": "5.6.0",
        "contentHash": "Egy5QVz6J403MNj9cphWCwiU1ARbUa1nwM2S/0UnlaRt7K32JVr5uRfa1WYR1OmzPd/clTM+CJx8DWfxEqJ0fA=="
      },
      "Microsoft.NETFramework.ReferenceAssemblies": {
        "type": "Direct",
        "requested": "[1.0.3, )",
        "resolved": "1.0.3",
        "contentHash": "vUc9Npcs14QsyOD01tnv/m8sQUnGTGOw1BCmKcv77LBJY7OxhJ+zJF7UD/sCL3lYNFuqmQEVlkfS4Quif6FyYg==",
        "dependencies": {
          "Microsoft.NETFramework.ReferenceAssemblies.net481": "1.0.3"
        }
      },
      "Microsoft.Sbom.Targets": {
        "type": "Direct",
        "requested": "[4.1.5, )",
        "resolved": "4.1.5",
        "contentHash": "i5z+cNu/cOcdO0AgFB8aXk8w6In2H+haaDfSgd9ImvQIK+rSHavHZIogVoAZLL8jLwYx4bAcs5b7EyuMMG4mQQ=="
      },
      "Microsoft.Testing.Extensions.CodeCoverage": {
        "type": "Direct",
        "requested": "[18.9.0, )",
        "resolved": "18.9.0",
        "contentHash": "Odp8djWEUFTJoRV02y0zJaAwAHF31CtNaDgnKKM+8dBHbbaH7Ee0oo9gweLpbzjI7UrtMUzH6xLJSrICZw+Nwg==",
        "dependencies": {
          "Microsoft.Bcl.AsyncInterfaces": "10.0.8",
          "Microsoft.DiaSymReader": "2.2.9",
          "Microsoft.Extensions.DependencyModel": "10.0.8",
          "Microsoft.Testing.Platform": "2.3.0",
          "System.Buffers": "4.6.1",
          "System.IO.Pipelines": "10.0.8",
          "System.Memory": "4.6.3",
          "System.Reflection.Metadata": "8.0.0",
          "System.Runtime.CompilerServices.Unsafe": "6.1.2",
          "System.Text.Encodings.Web": "10.0.8",
          "System.Text.Json": "10.0.8",
          "System.Threading.Tasks.Extensions": "4.6.3"
        }
      },
      "Microsoft.Testing.Extensions.TrxReport": {
        "type": "Direct",
        "requested": "[2.3.3, )",
        "resolved": "2.3.3",
        "contentHash": "vYBqGSlT94B8d6d4PRdPQ83ogn3kK4kXcnI3SlHBHZu1XsU01IDTMnWoto5v5wXN/Mz4XsVM3Do/sJdGRgH29g==",
        "dependencies": {
          "Microsoft.Testing.Extensions.TrxReport.Abstractions": "2.3.3",
          "Microsoft.Testing.Platform": "2.3.3"
        }
      },
      "MSTest.TestAdapter": {
        "type": "Direct",
        "requested": "[4.3.3, )",
        "resolved": "4.3.3",
        "contentHash": "YxXA1YGqwcZ1UjZXHgeu65AWDR25PQ2lN5N5CYOhxftqOQh/FcgQk0Vz0nfHqLhqOGFI6g9uIfOWqAdobSNKSg==",
        "dependencies": {
          "MSTest.TestFramework": "4.3.3",
          "Microsoft.Testing.Extensions.VSTestBridge": "2.3.3",
          "Microsoft.Testing.Platform.MSBuild": "2.3.3",
          "System.Memory": "4.6.3",
          "System.Threading.Tasks.Extensions": "4.5.4"
        }
      },
      "MSTest.TestFramework": {
        "type": "Direct",
        "requested": "[4.3.3, )",
        "resolved": "4.3.3",
        "contentHash": "Y4OSRh7VKV3nW+/vIqvfJ3sdLWfVJ9G11KpzynFAq3Bh/fpMaXt73v8GfL4mTz6pJ/ix3hcep4iy6qQNXt408w==",
        "dependencies": {
          "MSTest.Analyzers": "4.3.3"
        }
      },
      "Microsoft.ApplicationInsights": {
        "type": "Transitive",
        "resolved": "2.23.0",
        "contentHash": "nWArUZTdU7iqZLycLKWe0TDms48KKGE6pONH2terYNa8REXiqixrMOkf1sk5DHGMaUTqONU2YkS4SAXBhLStgw==",
        "dependencies": {
          "System.Diagnostics.DiagnosticSource": "5.0.0"
        }
      },
      "Microsoft.Bcl.AsyncInterfaces": {
        "type": "Transitive",
        "resolved": "10.0.11",
        "contentHash": "pUkYI1f99hY9giu/MRaEVN53RO7skXwR7FGtVvFJCK5ezdg5i0W+z1yj/91X5aKv07xGuSB5n1g/Zt2P4Ooq6g==",
        "dependencies": {
          "System.Threading.Tasks.Extensions": "4.6.3"
        }
      },
      "Microsoft.DiaSymReader": {
        "type": "Transitive",
        "resolved": "2.2.9",
        "contentHash": "WLbDc/W9XkHpGVtd1L6Vml8W6+PaaYZZTJASHjHF7W2WX/hld6bfNK102Ui+I3a6zIdx4+oKRJtMgHz44JmBfw=="
      },
      "Microsoft.Extensions.DependencyModel": {
        "type": "Transitive",
        "resolved": "10.0.8",
        "contentHash": "vLyZVpxmduO2jx+76ggqnsA3m81kwMY3NkWciNTj5E+Nvqb0VihqCvQP89QsGONWp0AJwMZG+u9GzaCjDdFGNw==",
        "dependencies": {
          "System.Buffers": "4.6.1",
          "System.Memory": "4.6.3",
          "System.Text.Encodings.Web": "10.0.8",
          "System.Text.Json": "10.0.8"
        }
      },
      "Microsoft.NETFramework.ReferenceAssemblies.net481": {
        "type": "Transitive",
        "resolved": "1.0.3",
        "contentHash": "Vv/20vgHS7VglVOVh8J3Iz/MA+VYKVRp9f7r2qiKBMuzviTOmocG70yq0Q8T5OTmCONkEAIJwETD1zhEfLkAXQ=="
      },
      "Microsoft.Testing.Extensions.Telemetry": {
        "type": "Transitive",
        "resolved": "2.3.3",
        "contentHash": "nY8ceQyPWB9TRE1WE5Oe/sks2e10SxgPv61vBHsFYpgCeDtNwhpMZwmL29GklO3/etTdOsLdrCmNr4zJWaR2fg==",
        "dependencies": {
          "Microsoft.ApplicationInsights": "2.23.0",
          "Microsoft.Testing.Platform": "2.3.3",
          "System.Diagnostics.DiagnosticSource": "6.0.0"
        }
      },
      "Microsoft.Testing.Extensions.TrxReport.Abstractions": {
        "type": "Transitive",
        "resolved": "2.3.3",
        "contentHash": "dceVNxnfTEjKnrIreLcMfkgrzzBY8kgCCJX5NAv7Lq/6vPlTP4VB5zxKeuYy0yfCoBtWuPkLjUG6qtOBMfpypA==",
        "dependencies": {
          "Microsoft.Testing.Platform": "2.3.3"
        }
      },
      "Microsoft.Testing.Extensions.VSTestBridge": {
        "type": "Transitive",
        "resolved": "2.3.3",
        "contentHash": "JLovZjH6K10YiHO/BcidsaSHo/M2DfOe9FDjxjFdV6aoHO6VYTTYlLBNcyLJSo20q5gDTmNvmxYVH39A942aJA==",
        "dependencies": {
          "Microsoft.TestPlatform.ObjectModel": "18.4.0",
          "Microsoft.Testing.Extensions.Telemetry": "2.3.3",
          "Microsoft.Testing.Extensions.TrxReport.Abstractions": "2.3.3",
          "Microsoft.Testing.Platform": "2.3.3"
        }
      },
      "Microsoft.Testing.Platform": {
        "type": "Transitive",
        "resolved": "2.3.3",
        "contentHash": "ENbH4BQh9riXtOKc25KKITfiGGWhWMBJA7pZuNaF9zxzzSaVkp5AMeZxGQ6sXYaR6xb724NLz985Is6XIYqLSg=="
      },
      "Microsoft.Testing.Platform.MSBuild": {
        "type": "Transitive",
        "resolved": "2.3.3",
        "contentHash": "iVAvNbZ5JPDZSrTcIrCDoCsAkzjDxwDEt2mDuMd8ng1P6e2P2NCd0g0BsoBVG+nJLSmK//V+yeEvjCa3E2fxHw==",
        "dependencies": {
          "Microsoft.Testing.Platform": "2.3.3"
        }
      },
      "Microsoft.TestPlatform.ObjectModel": {
        "type": "Transitive",
        "resolved": "18.4.0",
        "contentHash": "4L6m2kS2pY5uJ9cpeRxzW22opr6ttScIRqsOpMDQpgENp/ZwxkkQCcmc6LRSURo2dFaaSW5KVflQZvroiJ7Wzg==",
        "dependencies": {
          "System.Reflection.Metadata": "8.0.0"
        }
      },
      "MSTest.Analyzers": {
        "type": "Transitive",
        "resolved": "4.3.3",
        "contentHash": "cTcdSPIZ8WvchbC5DFmfHxrvVNZCtops+2W94le+Q+mx110Y9L9mqNVVc9flF35lFeL5GsY+rxGBylsjDk4+zg=="
      },
      "System.Buffers": {
        "type": "Transitive",
        "resolved": "4.6.1",
        "contentHash": "N8GXpmiLMtljq7gwvyS+1QvKT/W2J8sNAvx+HVg4NGmsG/H+2k/y9QI23auLJRterrzCiDH+IWAw4V/GPwsMlw=="
      },
      "System.Collections.Immutable": {
        "type": "Transitive",
        "resolved": "8.0.0",
        "contentHash": "AurL6Y5BA1WotzlEvVaIDpqzpIPvYnnldxru8oXJU2yFxFUy3+pNXjXd1ymO+RA0rq0+590Q8gaz2l3Sr7fmqg==",
        "dependencies": {
          "System.Memory": "4.5.5",
          "System.Runtime.CompilerServices.Unsafe": "6.0.0"
        }
      },
      "System.Diagnostics.DiagnosticSource": {
        "type": "Transitive",
        "resolved": "6.0.0",
        "contentHash": "frQDfv0rl209cKm1lnwTgFPzNigy2EKk1BS3uAvHvlBVKe5cymGyHO+Sj+NLv5VF/AhHsqPIUUwya5oV4CHMUw==",
        "dependencies": {
          "System.Memory": "4.5.4",
          "System.Runtime.CompilerServices.Unsafe": "6.0.0"
        }
      },
      "System.IO.Pipelines": {
        "type": "Transitive",
        "resolved": "10.0.11",
        "contentHash": "rg8LPOZ62quw3aTnsQNh9rssncaMs69WEM1DiJdDkV+o4Llb2s5Pasy5Bulfm8zL+pE4gDcSQo7V2zW2jvxwYg==",
        "dependencies": {
          "System.Buffers": "4.6.1",
          "System.Memory": "4.6.3",
          "System.Threading.Tasks.Extensions": "4.6.3"
        }
      },
      "System.Numerics.Vectors": {
        "type": "Transitive",
        "resolved": "4.6.1",
        "contentHash": "sQxefTnhagrhoq2ReR0D/6K0zJcr9Hrd6kikeXsA1I8kOCboTavcUC4r7TSfpKFeE163uMuxZcyfO1mGO3EN8Q=="
      },
      "System.Reflection.Metadata": {
        "type": "Transitive",
        "resolved": "8.0.0",
        "contentHash": "ptvgrFh7PvWI8bcVqG5rsA/weWM09EnthFHR5SCnS6IN+P4mj6rE1lBDC4U8HL9/57htKAqy4KQ3bBj84cfYyQ==",
        "dependencies": {
          "System.Collections.Immutable": "8.0.0",
          "System.Memory": "4.5.5"
        }
      },
      "System.Runtime.CompilerServices.Unsafe": {
        "type": "Transitive",
        "resolved": "6.1.2",
        "contentHash": "2hBr6zdbIBTDE3EhK7NSVNdX58uTK6iHW/P/Axmm9sl1xoGSLqDvMtpecn226TNwHByFokYwJmt/aQQNlO5CRw=="
      },
      "System.Text.Encodings.Web": {
        "type": "Transitive",
        "resolved": "10.0.11",
        "contentHash": "R7H2/Oqr3onFff/JKDpfRjwxcQZlocF/eQ0ce8go/OTjqz+6LEp/fZK8j1YnDobtysChATEg7krVq4hQJ3IoeQ==",
        "dependencies": {
          "System.Buffers": "4.6.1",
          "System.Memory": "4.6.3",
          "System.Runtime.CompilerServices.Unsafe": "6.1.2"
        }
      },
      "System.ValueTuple": {
        "type": "Transitive",
        "resolved": "4.6.2",
        "contentHash": "yQgmjfFximrNm9LIV3mL6T5MzjeC+epeE5rl4hXxAlYmxby7RM1dPSkIKXk9HNkl6G54h2JHOmLD46+Pey+IRg=="
      },
      "BlueBlaze.LexiconGenerator.MSBuild": {
        "type": "Project"
      },
      "System.Memory": {
        "type": "CentralTransitive",
        "requested": "[4.6.3, )",
        "resolved": "4.6.3",
        "contentHash": "qdcDOgnFZY40+Q9876JUHnlHu7bosOHX8XISRoH94fwk6hgaeQGSgfZd8srWRZNt5bV9ZW2TljcegDNxsf+96A==",
        "dependencies": {
          "System.Buffers": "4.6.1",
          "System.Numerics.Vectors": "4.6.1",
          "System.Runtime.CompilerServices.Unsafe": "6.1.2"
        }
      },
      "System.Text.Json": {
        "type": "CentralTransitive",
        "requested": "[10.0.11, )",
        "resolved": "10.0.11",
        "contentHash": "X2rXQy7g8KEUvWVbAz6vOk6byI1eMgmzFeXbKxq4BfZCfFy5S91K+K+hd4ZBlSp0wL1Y8FyGRXs6+hvABTjwQw==",
        "dependencies": {
          "Microsoft.Bcl.AsyncInterfaces": "10.0.11",
          "System.Buffers": "4.6.1",
          "System.IO.Pipelines": "10.0.11",
          "System.Memory": "4.6.3",
          "System.Runtime.CompilerServices.Unsafe": "6.1.2",
          "System.Text.Encodings.Web": "10.0.11",
          "System.Threading.Tasks.Extensions": "4.6.3",
          "System.ValueTuple": "4.6.2"
        }
      },
      "System.Threading.Tasks.Extensions": {
        "type": "CentralTransitive",
        "requested": "[4.6.3, )",
        "resolved": "4.6.3",
        "contentHash": "7sCiwilJLYbTZELaKnc7RecBBXWXA+xMLQWZKWawBxYjp6DBlSE3v9/UcvKBvr1vv2tTOhipiogM8rRmxlhrVA==",
        "dependencies": {
          "System.Runtime.CompilerServices.Unsafe": "6.1.2"
        }
      }
    },
    ".NETFramework,Version=v4.8.1/linux-arm64": {
      "Microsoft.Testing.Extensions.CodeCoverage": {
        "type": "Direct",
        "requested": "[18.9.0, )",
        "resolved": "18.9.0",
        "contentHash": "Odp8djWEUFTJoRV02y0zJaAwAHF31CtNaDgnKKM+8dBHbbaH7Ee0oo9gweLpbzjI7UrtMUzH6xLJSrICZw+Nwg==",
        "dependencies": {
          "Microsoft.Bcl.AsyncInterfaces": "10.0.8",
          "Microsoft.DiaSymReader": "2.2.9",
          "Microsoft.Extensions.DependencyModel": "10.0.8",
          "Microsoft.Testing.Platform": "2.3.0",
          "System.Buffers": "4.6.1",
          "System.IO.Pipelines": "10.0.8",
          "System.Memory": "4.6.3",
          "System.Reflection.Metadata": "8.0.0",
          "System.Runtime.CompilerServices.Unsafe": "6.1.2",
          "System.Text.Encodings.Web": "10.0.8",
          "System.Text.Json": "10.0.8",
          "System.Threading.Tasks.Extensions": "4.6.3"
        }
      }
    },
    ".NETFramework,Version=v4.8.1/linux-x64": {
      "Microsoft.Testing.Extensions.CodeCoverage": {
        "type": "Direct",
        "requested": "[18.9.0, )",
        "resolved": "18.9.0",
        "contentHash": "Odp8djWEUFTJoRV02y0zJaAwAHF31CtNaDgnKKM+8dBHbbaH7Ee0oo9gweLpbzjI7UrtMUzH6xLJSrICZw+Nwg==",
        "dependencies": {
          "Microsoft.Bcl.AsyncInterfaces": "10.0.8",
          "Microsoft.DiaSymReader": "2.2.9",
          "Microsoft.Extensions.DependencyModel": "10.0.8",
          "Microsoft.Testing.Platform": "2.3.0",
          "System.Buffers": "4.6.1",
          "System.IO.Pipelines": "10.0.8",
          "System.Memory": "4.6.3",
          "System.Reflection.Metadata": "8.0.0",
          "System.Runtime.CompilerServices.Unsafe": "6.1.2",
          "System.Text.Encodings.Web": "10.0.8",
          "System.Text.Json": "10.0.8",
          "System.Threading.Tasks.Extensions": "4.6.3"
        }
      }
    },
    ".NETFramework,Version=v4.8.1/osx-arm64": {
      "Microsoft.Testing.Extensions.CodeCoverage": {
        "type": "Direct",
        "requested": "[18.9.0, )",
        "resolved": "18.9.0",
        "contentHash": "Odp8djWEUFTJoRV02y0zJaAwAHF31CtNaDgnKKM+8dBHbbaH7Ee0oo9gweLpbzjI7UrtMUzH6xLJSrICZw+Nwg==",
        "dependencies": {
          "Microsoft.Bcl.AsyncInterfaces": "10.0.8",
          "Microsoft.DiaSymReader": "2.2.9",
          "Microsoft.Extensions.DependencyModel": "10.0.8",
          "Microsoft.Testing.Platform": "2.3.0",
          "System.Buffers": "4.6.1",
          "System.IO.Pipelines": "10.0.8",
          "System.Memory": "4.6.3",
          "System.Reflection.Metadata": "8.0.0",
          "System.Runtime.CompilerServices.Unsafe": "6.1.2",
          "System.Text.Encodings.Web": "10.0.8",
          "System.Text.Json": "10.0.8",
          "System.Threading.Tasks.Extensions": "4.6.3"
        }
      }
    },
    ".NETFramework,Version=v4.8.1/win-arm64": {
      "Microsoft.Testing.Extensions.CodeCoverage": {
        "type": "Direct",
        "requested": "[18.9.0, )",
        "resolved": "18.9.0",
        "contentHash": "Odp8djWEUFTJoRV02y0zJaAwAHF31CtNaDgnKKM+8dBHbbaH7Ee0oo9gweLpbzjI7UrtMUzH6xLJSrICZw+Nwg==",
        "dependencies": {
          "Microsoft.Bcl.AsyncInterfaces": "10.0.8",
          "Microsoft.DiaSymReader": "2.2.9",
          "Microsoft.Extensions.DependencyModel": "10.0.8",
          "Microsoft.Testing.Platform": "2.3.0",
          "System.Buffers": "4.6.1",
          "System.IO.Pipelines": "10.0.8",
          "System.Memory": "4.6.3",
          "System.Reflection.Metadata": "8.0.0",
          "System.Runtime.CompilerServices.Unsafe": "6.1.2",
          "System.Text.Encodings.Web": "10.0.8",
          "System.Text.Json": "10.0.8",
          "System.Threading.Tasks.Extensions": "4.6.3"
        }
      }
    },
    ".NETFramework,Version=v4.8.1/win-x64": {
      "Microsoft.Testing.Extensions.CodeCoverage": {
        "type": "Direct",
        "requested": "[18.9.0, )",
        "resolved": "18.9.0",
        "contentHash": "Odp8djWEUFTJoRV02y0zJaAwAHF31CtNaDgnKKM+8dBHbbaH7Ee0oo9gweLpbzjI7UrtMUzH6xLJSrICZw+Nwg==",
        "dependencies": {
          "Microsoft.Bcl.AsyncInterfaces": "10.0.8",
          "Microsoft.DiaSymReader": "2.2.9",
          "Microsoft.Extensions.DependencyModel": "10.0.8",
          "Microsoft.Testing.Platform": "2.3.0",
          "System.Buffers": "4.6.1",
          "System.IO.Pipelines": "10.0.8",
          "System.Memory": "4.6.3",
          "System.Reflection.Metadata": "8.0.0",
          "System.Runtime.CompilerServices.Unsafe": "6.1.2",
          "System.Text.Encodings.Web": "10.0.8",
          "System.Text.Json": "10.0.8",
          "System.Threading.Tasks.Extensions": "4.6.3"
        }
      }
    },
    ".NETFramework,Version=v4.8.1/win-x86": {
      "Microsoft.Testing.Extensions.CodeCoverage": {
        "type": "Direct",
        "requested": "[18.9.0, )",
        "resolved": "18.9.0",
        "contentHash": "Odp8djWEUFTJoRV02y0zJaAwAHF31CtNaDgnKKM+8dBHbbaH7Ee0oo9gweLpbzjI7UrtMUzH6xLJSrICZw+Nwg==",
        "dependencies": {
          "Microsoft.Bcl.AsyncInterfaces": "10.0.8",
          "Microsoft.DiaSymReader": "2.2.9",
          "Microsoft.Extensions.DependencyModel": "10.0.8",
          "Microsoft.Testing.Platform": "2.3.0",
          "System.Buffers": "4.6.1",
          "System.IO.Pipelines": "10.0.8",
          "System.Memory": "4.6.3",
          "System.Reflection.Metadata": "8.0.0",
          "System.Runtime.CompilerServices.Unsafe": "6.1.2",
          "System.Text.Encodings.Web": "10.0.8",
          "System.Text.Json": "10.0.8",
          "System.Threading.Tasks.Extensions": "4.6.3"
        }
      }
    },
    "net10.0": {
      "Microsoft.CodeAnalysis.CSharp.CodeStyle": {
        "type": "Direct",
        "requested": "[5.6.0, )",
        "resolved": "5.6.0",
        "contentHash": "Egy5QVz6J403MNj9cphWCwiU1ARbUa1nwM2S/0UnlaRt7K32JVr5uRfa1WYR1OmzPd/clTM+CJx8DWfxEqJ0fA=="
      },
      "Microsoft.NET.ILLink.Tasks": {
        "type": "Direct",
        "requested": "[10.0.10, )",
        "resolved": "10.0.10",
        "contentHash": "f5VCIE7AJpd5YvzNTeMGVzQIgyE9tX+AreTYwQF+REbu+DZo/2Ae+jNSwhPEYrVz6RRkd7y8ubXjk6Nn6Ka+Cg=="
      },
      "Microsoft.Sbom.Targets": {
        "type": "Direct",
        "requested": "[4.1.5, )",
        "resolved": "4.1.5",
        "contentHash": "i5z+cNu/cOcdO0AgFB8aXk8w6In2H+haaDfSgd9ImvQIK+rSHavHZIogVoAZLL8jLwYx4bAcs5b7EyuMMG4mQQ=="
      },
      "Microsoft.Testing.Extensions.CodeCoverage": {
        "type": "Direct",
        "requested": "[18.9.0, )",
        "resolved": "18.9.0",
        "contentHash": "Odp8djWEUFTJoRV02y0zJaAwAHF31CtNaDgnKKM+8dBHbbaH7Ee0oo9gweLpbzjI7UrtMUzH6xLJSrICZw+Nwg==",
        "dependencies": {
          "Microsoft.DiaSymReader": "2.2.9",
          "Microsoft.Extensions.DependencyModel": "10.0.8",
          "Microsoft.Testing.Platform": "2.3.0"
        }
      },
      "Microsoft.Testing.Extensions.TrxReport": {
        "type": "Direct",
        "requested": "[2.3.3, )",
        "resolved": "2.3.3",
        "contentHash": "vYBqGSlT94B8d6d4PRdPQ83ogn3kK4kXcnI3SlHBHZu1XsU01IDTMnWoto5v5wXN/Mz4XsVM3Do/sJdGRgH29g==",
        "dependencies": {
          "Microsoft.Testing.Extensions.TrxReport.Abstractions": "2.3.3",
          "Microsoft.Testing.Platform": "2.3.3"
        }
      },
      "MSTest.TestAdapter": {
        "type": "Direct",
        "requested": "[4.3.3, )",
        "resolved": "4.3.3",
        "contentHash": "YxXA1YGqwcZ1UjZXHgeu65AWDR25PQ2lN5N5CYOhxftqOQh/FcgQk0Vz0nfHqLhqOGFI6g9uIfOWqAdobSNKSg==",
        "dependencies": {
          "MSTest.TestFramework": "4.3.3",
          "Microsoft.Testing.Extensions.VSTestBridge": "2.3.3",
          "Microsoft.Testing.Platform.MSBuild": "2.3.3"
        }
      },
      "MSTest.TestFramework": {
        "type": "Direct",
        "requested": "[4.3.3, )",
        "resolved": "4.3.3",
        "contentHash": "Y4OSRh7VKV3nW+/vIqvfJ3sdLWfVJ9G11KpzynFAq3Bh/fpMaXt73v8GfL4mTz6pJ/ix3hcep4iy6qQNXt408w==",
        "dependencies": {
          "MSTest.Analyzers": "4.3.3"
        }
      },
      "Microsoft.ApplicationInsights": {
        "type": "Transitive",
        "resolved": "2.23.0",
        "contentHash": "nWArUZTdU7iqZLycLKWe0TDms48KKGE6pONH2terYNa8REXiqixrMOkf1sk5DHGMaUTqONU2YkS4SAXBhLStgw=="
      },
      "Microsoft.DiaSymReader": {
        "type": "Transitive",
        "resolved": "2.2.9",
        "contentHash": "WLbDc/W9XkHpGVtd1L6Vml8W6+PaaYZZTJASHjHF7W2WX/hld6bfNK102Ui+I3a6zIdx4+oKRJtMgHz44JmBfw=="
      },
      "Microsoft.Extensions.DependencyModel": {
        "type": "Transitive",
        "resolved": "10.0.8",
        "contentHash": "vLyZVpxmduO2jx+76ggqnsA3m81kwMY3NkWciNTj5E+Nvqb0VihqCvQP89QsGONWp0AJwMZG+u9GzaCjDdFGNw=="
      },
      "Microsoft.Testing.Extensions.Telemetry": {
        "type": "Transitive",
        "resolved": "2.3.3",
        "contentHash": "nY8ceQyPWB9TRE1WE5Oe/sks2e10SxgPv61vBHsFYpgCeDtNwhpMZwmL29GklO3/etTdOsLdrCmNr4zJWaR2fg==",
        "dependencies": {
          "Microsoft.ApplicationInsights": "2.23.0",
          "Microsoft.Testing.Platform": "2.3.3"
        }
      },
      "Microsoft.Testing.Extensions.TrxReport.Abstractions": {
        "type": "Transitive",
        "resolved": "2.3.3",
        "contentHash": "dceVNxnfTEjKnrIreLcMfkgrzzBY8kgCCJX5NAv7Lq/6vPlTP4VB5zxKeuYy0yfCoBtWuPkLjUG6qtOBMfpypA==",
        "dependencies": {
          "Microsoft.Testing.Platform": "2.3.3"
        }
      },
      "Microsoft.Testing.Extensions.VSTestBridge": {
        "type": "Transitive",
        "resolved": "2.3.3",
        "contentHash": "JLovZjH6K10YiHO/BcidsaSHo/M2DfOe9FDjxjFdV6aoHO6VYTTYlLBNcyLJSo20q5gDTmNvmxYVH39A942aJA==",
        "dependencies": {
          "Microsoft.TestPlatform.ObjectModel": "18.4.0",
          "Microsoft.Testing.Extensions.Telemetry": "2.3.3",
          "Microsoft.Testing.Extensions.TrxReport.Abstractions": "2.3.3",
          "Microsoft.Testing.Platform": "2.3.3"
        }
      },
      "Microsoft.Testing.Platform": {
        "type": "Transitive",
        "resolved": "2.3.3",
        "contentHash": "ENbH4BQh9riXtOKc25KKITfiGGWhWMBJA7pZuNaF9zxzzSaVkp5AMeZxGQ6sXYaR6xb724NLz985Is6XIYqLSg=="
      },
      "Microsoft.Testing.Platform.MSBuild": {
        "type": "Transitive",
        "resolved": "2.3.3",
        "contentHash": "iVAvNbZ5JPDZSrTcIrCDoCsAkzjDxwDEt2mDuMd8ng1P6e2P2NCd0g0BsoBVG+nJLSmK//V+yeEvjCa3E2fxHw==",
        "dependencies": {
          "Microsoft.Testing.Platform": "2.3.3"
        }
      },
      "Microsoft.TestPlatform.ObjectModel": {
        "type": "Transitive",
        "resolved": "18.4.0",
        "contentHash": "4L6m2kS2pY5uJ9cpeRxzW22opr6ttScIRqsOpMDQpgENp/ZwxkkQCcmc6LRSURo2dFaaSW5KVflQZvroiJ7Wzg=="
      },
      "MSTest.Analyzers": {
        "type": "Transitive",
        "resolved": "4.3.3",
        "contentHash": "cTcdSPIZ8WvchbC5DFmfHxrvVNZCtops+2W94le+Q+mx110Y9L9mqNVVc9flF35lFeL5GsY+rxGBylsjDk4+zg=="
      },
      "BlueBlaze.LexiconGenerator.MSBuild": {
        "type": "Project"
      }
    },
    "net10.0/linux-arm64": {
      "Microsoft.Testing.Extensions.CodeCoverage": {
        "type": "Direct",
        "requested": "[18.9.0, )",
        "resolved": "18.9.0",
        "contentHash": "Odp8djWEUFTJoRV02y0zJaAwAHF31CtNaDgnKKM+8dBHbbaH7Ee0oo9gweLpbzjI7UrtMUzH6xLJSrICZw+Nwg==",
        "dependencies": {
          "Microsoft.DiaSymReader": "2.2.9",
          "Microsoft.Extensions.DependencyModel": "10.0.8",
          "Microsoft.Testing.Platform": "2.3.0"
        }
      }
    },
    "net10.0/linux-x64": {
      "Microsoft.Testing.Extensions.CodeCoverage": {
        "type": "Direct",
        "requested": "[18.9.0, )",
        "resolved": "18.9.0",
        "contentHash": "Odp8djWEUFTJoRV02y0zJaAwAHF31CtNaDgnKKM+8dBHbbaH7Ee0oo9gweLpbzjI7UrtMUzH6xLJSrICZw+Nwg==",
        "dependencies": {
          "Microsoft.DiaSymReader": "2.2.9",
          "Microsoft.Extensions.DependencyModel": "10.0.8",
          "Microsoft.Testing.Platform": "2.3.0"
        }
      }
    },
    "net10.0/osx-arm64": {
      "Microsoft.Testing.Extensions.CodeCoverage": {
        "type": "Direct",
        "requested": "[18.9.0, )",
        "resolved": "18.9.0",
        "contentHash": "Odp8djWEUFTJoRV02y0zJaAwAHF31CtNaDgnKKM+8dBHbbaH7Ee0oo9gweLpbzjI7UrtMUzH6xLJSrICZw+Nwg==",
        "dependencies": {
          "Microsoft.DiaSymReader": "2.2.9",
          "Microsoft.Extensions.DependencyModel": "10.0.8",
          "Microsoft.Testing.Platform": "2.3.0"
        }
      }
    },
    "net10.0/win-arm64": {
      "Microsoft.Testing.Extensions.CodeCoverage": {
        "type": "Direct",
        "requested": "[18.9.0, )",
        "resolved": "18.9.0",
        "contentHash": "Odp8djWEUFTJoRV02y0zJaAwAHF31CtNaDgnKKM+8dBHbbaH7Ee0oo9gweLpbzjI7UrtMUzH6xLJSrICZw+Nwg==",
        "dependencies": {
          "Microsoft.DiaSymReader": "2.2.9",
          "Microsoft.Extensions.DependencyModel": "10.0.8",
          "Microsoft.Testing.Platform": "2.3.0"
        }
      }
    },
    "net10.0/win-x64": {
      "Microsoft.Testing.Extensions.CodeCoverage": {
        "type": "Direct",
        "requested": "[18.9.0, )",
        "resolved": "18.9.0",
        "contentHash": "Odp8djWEUFTJoRV02y0zJaAwAHF31CtNaDgnKKM+8dBHbbaH7Ee0oo9gweLpbzjI7UrtMUzH6xLJSrICZw+Nwg==",
        "dependencies": {
          "Microsoft.DiaSymReader": "2.2.9",
          "Microsoft.Extensions.DependencyModel": "10.0.8",
          "Microsoft.Testing.Platform": "2.3.0"
        }
      }
    },
    "net10.0/win-x86": {
      "Microsoft.Testing.Extensions.CodeCoverage": {
        "type": "Direct",
        "requested": "[18.9.0, )",
        "resolved": "18.9.0",
        "contentHash": "Odp8djWEUFTJoRV02y0zJaAwAHF31CtNaDgnKKM+8dBHbbaH7Ee0oo9gweLpbzjI7UrtMUzH6xLJSrICZw+Nwg==",
        "dependencies": {
          "Microsoft.DiaSymReader": "2.2.9",
          "Microsoft.Extensions.DependencyModel": "10.0.8",
          "Microsoft.Testing.Platform": "2.3.0"
        }
      }
    }
  }
}