{
  "version": 2,
  "dependencies": {
    ".NETFramework,Version=v4.8.1": {
      "Microsoft.CodeAnalysis.CSharp.CodeStyle": {
        "type": "Direct",
        "requested": "[5.3.0, )",
        "resolved": "5.3.0",
        "contentHash": "VM6uR0nReUDiK3+Ku9DTFTcF9ZmlnpUDKs1UEme+MtcRYJntkLfxWCn4mp/UXJsRBp3izuu8YBPtRzGR1GV/mA=="
      },
      "Microsoft.NETFramework.ReferenceAssemblies": {
        "type": "Direct",
        "requested": "[1.0.3, )",
        "resolved": "1.0.3",
        "contentHash": "vUc9Npcs14QsyOD01tnv/m8sQUnGTGOw1BCmKcv77LBJY7OxhJ+zJF7UD/sCL3lYNFuqmQEVlkfS4Quif6FyYg==",
        "dependencies": {
          "Microsoft.NETFramework.ReferenceAssemblies.net481": "1.0.3"
        }
      },
      "Microsoft.Sbom.Targets": {
        "type": "Direct",
        "requested": "[4.1.5, )",
        "resolved": "4.1.5",
        "contentHash": "i5z+cNu/cOcdO0AgFB8aXk8w6In2H+haaDfSgd9ImvQIK+rSHavHZIogVoAZLL8jLwYx4bAcs5b7EyuMMG4mQQ=="
      },
      "Microsoft.Testing.Extensions.CodeCoverage": {
        "type": "Direct",
        "requested": "[18.5.2, )",
        "resolved": "18.5.2",
        "contentHash": "UNcGLx9pVtlXF8MPDR8KDp+/OKKNIJjpzwRyZSt609TSGvaD8mtuQMb5GKZvhMucPp0a5Juvn3kxXDceQZWmAg==",
        "dependencies": {
          "Microsoft.DiaSymReader": "2.2.3",
          "Microsoft.Extensions.DependencyModel": "8.0.2",
          "Microsoft.Testing.Platform": "2.1.0",
          "System.Reflection.Metadata": "8.0.0"
        }
      },
      "Microsoft.Testing.Extensions.TrxReport": {
        "type": "Direct",
        "requested": "[2.2.3, )",
        "resolved": "2.2.3",
        "contentHash": "9Hot3ty5ZVWHrW40k2NPfD0dCaPwIxj7j7VjujNYwpYkYw9AdbejPHjGNkL/gvUWorauJf5IkeDoUeIbS7LuUg==",
        "dependencies": {
          "Microsoft.Testing.Extensions.TrxReport.Abstractions": "2.2.3",
          "Microsoft.Testing.Platform": "2.2.3"
        }
      },
      "MSTest.TestAdapter": {
        "type": "Direct",
        "requested": "[4.2.3, )",
        "resolved": "4.2.3",
        "contentHash": "oVV/luk0bBghnVvLaw8MwFlD7It0Cx9P2nKobeqIafmTQqFFWY69Wo801dxjeNaLzO/o9WQ84WSK84gXJuubhg==",
        "dependencies": {
          "MSTest.TestFramework": "4.2.3",
          "Microsoft.Testing.Extensions.VSTestBridge": "2.2.3",
          "Microsoft.Testing.Platform.MSBuild": "2.2.3",
          "System.Threading.Tasks.Extensions": "4.5.4"
        }
      },
      "MSTest.TestFramework": {
        "type": "Direct",
        "requested": "[4.2.3, )",
        "resolved": "4.2.3",
        "contentHash": "9zzij59YLh+tf+FRLNqhzHjmdspR91bol+jdQxLlxxTGMAML6LDbvuyXKMGdcrE84+QpKkk6KjTVBC5PBGrDeA==",
        "dependencies": {
          "MSTest.Analyzers": "4.2.3"
        }
      },
      "Microsoft.ApplicationInsights": {
        "type": "Transitive",
        "resolved": "2.23.0",
        "contentHash": "nWArUZTdU7iqZLycLKWe0TDms48KKGE6pONH2terYNa8REXiqixrMOkf1sk5DHGMaUTqONU2YkS4SAXBhLStgw==",
        "dependencies": {
          "System.Diagnostics.DiagnosticSource": "5.0.0"
        }
      },
      "Microsoft.Bcl.AsyncInterfaces": {
        "type": "Transitive",
        "resolved": "10.0.9",
        "contentHash": "Aq7M8lG6BrHeatqKqncVm9m55ec34k6nnfPRLe/PvGg+b/pAsRM2ejofeKmCLjTXMa+5NGXm382f8CG/D5WDow==",
        "dependencies": {
          "System.Threading.Tasks.Extensions": "4.6.3"
        }
      },
      "Microsoft.DiaSymReader": {
        "type": "Transitive",
        "resolved": "2.2.3",
        "contentHash": "bhwzJfzyiJM0nXJyNB7Y9OfsEXyxLdDBHG99soIp5JjnPydwkOaBdRCtRtWgQh3noSLi2cSIZ/wpbHNNE9knxQ=="
      },
      "Microsoft.Extensions.DependencyModel": {
        "type": "Transitive",
        "resolved": "8.0.2",
        "contentHash": "mUBDZZRgZrSyFOsJ2qJJ9fXfqd/kXJwf3AiDoqLD9m6TjY5OO/vLNOb9fb4juC0487eq4hcGN/M2Rh/CKS7QYw==",
        "dependencies": {
          "System.Buffers": "4.5.1",
          "System.Memory": "4.5.5",
          "System.Text.Encodings.Web": "8.0.0",
          "System.Text.Json": "8.0.5"
        }
      },
      "Microsoft.NETFramework.ReferenceAssemblies.net481": {
        "type": "Transitive",
        "resolved": "1.0.3",
        "contentHash": "Vv/20vgHS7VglVOVh8J3Iz/MA+VYKVRp9f7r2qiKBMuzviTOmocG70yq0Q8T5OTmCONkEAIJwETD1zhEfLkAXQ=="
      },
      "Microsoft.Testing.Extensions.Telemetry": {
        "type": "Transitive",
        "resolved": "2.2.3",
        "contentHash": "mLdW+JOR3kXYGTdgR/qc/UZBA0r+eCR2k6bUxTcuDj5w9WdIQ7Lol5MBUU7YOSGd9bs9bvhSYWAptgz0YtQqCA==",
        "dependencies": {
          "Microsoft.ApplicationInsights": "2.23.0",
          "Microsoft.Testing.Platform": "2.2.3",
          "System.Diagnostics.DiagnosticSource": "6.0.0"
        }
      },
      "Microsoft.Testing.Extensions.TrxReport.Abstractions": {
        "type": "Transitive",
        "resolved": "2.2.3",
        "contentHash": "hntvxJEkmUAx6C2xXc/PO38DqEQl4rimzOgSvTR1hAMruMid7R4RcXOrzzF33J66gKaN7jRaQ0TMW/nNfaV9jw==",
        "dependencies": {
          "Microsoft.Testing.Platform": "2.2.3"
        }
      },
      "Microsoft.Testing.Extensions.VSTestBridge": {
        "type": "Transitive",
        "resolved": "2.2.3",
        "contentHash": "7WlJISO8QKUK+d+WhgnANwy4ACwUrvICnviY/mthPwjZ2gVeDaSUAeBnMy2cxfzZgm8VATtGUDbYzUxsgV2CyQ==",
        "dependencies": {
          "Microsoft.TestPlatform.ObjectModel": "18.3.0",
          "Microsoft.Testing.Extensions.Telemetry": "2.2.3",
          "Microsoft.Testing.Extensions.TrxReport.Abstractions": "2.2.3",
          "Microsoft.Testing.Platform": "2.2.3"
        }
      },
      "Microsoft.Testing.Platform": {
        "type": "Transitive",
        "resolved": "2.2.3",
        "contentHash": "LhM1/Qoi8Ams5QcD4r3f09CSOono9iQr3NEJQItFtyzWB55nWTgEOsVqXqMWWWIwk3nkPqc+XfnlJmp8xUI5fg=="
      },
      "Microsoft.Testing.Platform.MSBuild": {
        "type": "Transitive",
        "resolved": "2.2.3",
        "contentHash": "Q22jJYJLx4srTinsAuoCskqmzjrBJC8YeGJMHHIcrf1dQeHoEZ7wsqDzTlENkMoke2qfufF7U+9u58nlZunH/Q==",
        "dependencies": {
          "Microsoft.Testing.Platform": "2.2.3"
        }
      },
      "Microsoft.TestPlatform.ObjectModel": {
        "type": "Transitive",
        "resolved": "18.3.0",
        "contentHash": "AEIEX2aWdPO9XbtR96eBaJxmXRD9vaI9uQ1T/JbPEKlTAZwYx0ZrMzKyULMdh/HH9Sg03kXCoN7LszQ90o6nPQ==",
        "dependencies": {
          "System.Reflection.Metadata": "8.0.0"
        }
      },
      "MSTest.Analyzers": {
        "type": "Transitive",
        "resolved": "4.2.3",
        "contentHash": "dxOZt8/LWuiox7rugInJoIa5Mmu3pBmXdfaoZOx/mxx8+sUFFpjBXPlWXQXGeWzpkVPNC3x1Jf7rt2h2Zjyvvg=="
      },
      "System.Buffers": {
        "type": "Transitive",
        "resolved": "4.6.1",
        "contentHash": "N8GXpmiLMtljq7gwvyS+1QvKT/W2J8sNAvx+HVg4NGmsG/H+2k/y9QI23auLJRterrzCiDH+IWAw4V/GPwsMlw=="
      },
      "System.Collections.Immutable": {
        "type": "Transitive",
        "resolved": "8.0.0",
        "contentHash": "AurL6Y5BA1WotzlEvVaIDpqzpIPvYnnldxru8oXJU2yFxFUy3+pNXjXd1ymO+RA0rq0+590Q8gaz2l3Sr7fmqg==",
        "dependencies": {
          "System.Memory": "4.5.5",
          "System.Runtime.CompilerServices.Unsafe": "6.0.0"
        }
      },
      "System.Diagnostics.DiagnosticSource": {
        "type": "Transitive",
        "resolved": "6.0.0",
        "contentHash": "frQDfv0rl209cKm1lnwTgFPzNigy2EKk1BS3uAvHvlBVKe5cymGyHO+Sj+NLv5VF/AhHsqPIUUwya5oV4CHMUw==",
        "dependencies": {
          "System.Memory": "4.5.4",
          "System.Runtime.CompilerServices.Unsafe": "6.0.0"
        }
      },
      "System.IO.Pipelines": {
        "type": "Transitive",
        "resolved": "10.0.9",
        "contentHash": "raEAXJHu1ERuQnLhfaMUhK19A+i/CLHH5tFWi+azKxq2O4kzgvdeNuZTzMzyT7pyM1+zE2Pqb2g/DXJsuPp/LQ==",
        "dependencies": {
          "System.Buffers": "4.6.1",
          "System.Memory": "4.6.3",
          "System.Threading.Tasks.Extensions": "4.6.3"
        }
      },
      "System.Numerics.Vectors": {
        "type": "Transitive",
        "resolved": "4.6.1",
        "contentHash": "sQxefTnhagrhoq2ReR0D/6K0zJcr9Hrd6kikeXsA1I8kOCboTavcUC4r7TSfpKFeE163uMuxZcyfO1mGO3EN8Q=="
      },
      "System.Reflection.Metadata": {
        "type": "Transitive",
        "resolved": "8.0.0",
        "contentHash": "ptvgrFh7PvWI8bcVqG5rsA/weWM09EnthFHR5SCnS6IN+P4mj6rE1lBDC4U8HL9/57htKAqy4KQ3bBj84cfYyQ==",
        "dependencies": {
          "System.Collections.Immutable": "8.0.0",
          "System.Memory": "4.5.5"
        }
      },
      "System.Runtime.CompilerServices.Unsafe": {
        "type": "Transitive",
        "resolved": "6.1.2",
        "contentHash": "2hBr6zdbIBTDE3EhK7NSVNdX58uTK6iHW/P/Axmm9sl1xoGSLqDvMtpecn226TNwHByFokYwJmt/aQQNlO5CRw=="
      },
      "System.Text.Encodings.Web": {
        "type": "Transitive",
        "resolved": "10.0.9",
        "contentHash": "65bbI+LWcVgq1mzPtv6bJF+ZXeeIawld/puK9ixD1l3gJGM2IU4gkYbZoKLVjsXJXbrZqSRf86RlKf1TcCTY1Q==",
        "dependencies": {
          "System.Buffers": "4.6.1",
          "System.Memory": "4.6.3",
          "System.Runtime.CompilerServices.Unsafe": "6.1.2"
        }
      },
      "System.ValueTuple": {
        "type": "Transitive",
        "resolved": "4.6.2",
        "contentHash": "yQgmjfFximrNm9LIV3mL6T5MzjeC+epeE5rl4hXxAlYmxby7RM1dPSkIKXk9HNkl6G54h2JHOmLD46+Pey+IRg=="
      },
      "BlueBlaze.LexiconGenerator.MSBuild": {
        "type": "Project"
      },
      "System.Memory": {
        "type": "CentralTransitive",
        "requested": "[4.6.3, )",
        "resolved": "4.6.3",
        "contentHash": "qdcDOgnFZY40+Q9876JUHnlHu7bosOHX8XISRoH94fwk6hgaeQGSgfZd8srWRZNt5bV9ZW2TljcegDNxsf+96A==",
        "dependencies": {
          "System.Buffers": "4.6.1",
          "System.Numerics.Vectors": "4.6.1",
          "System.Runtime.CompilerServices.Unsafe": "6.1.2"
        }
      },
      "System.Text.Json": {
        "type": "CentralTransitive",
        "requested": "[10.0.9, )",
        "resolved": "10.0.9",
        "contentHash": "mD4f7hUvjXEbLAnROibQswbYguGnfzN17gtkuqAHU1a0gJsqe7LXtV+0tItJsYrCBBpPYHiHFlLtjzG2ZEt5uQ==",
        "dependencies": {
          "Microsoft.Bcl.AsyncInterfaces": "10.0.9",
          "System.Buffers": "4.6.1",
          "System.IO.Pipelines": "10.0.9",
          "System.Memory": "4.6.3",
          "System.Runtime.CompilerServices.Unsafe": "6.1.2",
          "System.Text.Encodings.Web": "10.0.9",
          "System.Threading.Tasks.Extensions": "4.6.3",
          "System.ValueTuple": "4.6.2"
        }
      },
      "System.Threading.Tasks.Extensions": {
        "type": "CentralTransitive",
        "requested": "[4.6.3, )",
        "resolved": "4.6.3",
        "contentHash": "7sCiwilJLYbTZELaKnc7RecBBXWXA+xMLQWZKWawBxYjp6DBlSE3v9/UcvKBvr1vv2tTOhipiogM8rRmxlhrVA==",
        "dependencies": {
          "System.Runtime.CompilerServices.Unsafe": "6.1.2"
        }
      }
    },
    ".NETFramework,Version=v4.8.1/linux-x64": {
      "Microsoft.Testing.Extensions.CodeCoverage": {
        "type": "Direct",
        "requested": "[18.5.2, )",
        "resolved": "18.5.2",
        "contentHash": "UNcGLx9pVtlXF8MPDR8KDp+/OKKNIJjpzwRyZSt609TSGvaD8mtuQMb5GKZvhMucPp0a5Juvn3kxXDceQZWmAg==",
        "dependencies": {
          "Microsoft.DiaSymReader": "2.2.3",
          "Microsoft.Extensions.DependencyModel": "8.0.2",
          "Microsoft.Testing.Platform": "2.1.0",
          "System.Reflection.Metadata": "8.0.0"
        }
      }
    },
    ".NETFramework,Version=v4.8.1/win-x64": {
      "Microsoft.Testing.Extensions.CodeCoverage": {
        "type": "Direct",
        "requested": "[18.5.2, )",
        "resolved": "18.5.2",
        "contentHash": "UNcGLx9pVtlXF8MPDR8KDp+/OKKNIJjpzwRyZSt609TSGvaD8mtuQMb5GKZvhMucPp0a5Juvn3kxXDceQZWmAg==",
        "dependencies": {
          "Microsoft.DiaSymReader": "2.2.3",
          "Microsoft.Extensions.DependencyModel": "8.0.2",
          "Microsoft.Testing.Platform": "2.1.0",
          "System.Reflection.Metadata": "8.0.0"
        }
      }
    },
    "net10.0": {
      "Microsoft.CodeAnalysis.CSharp.CodeStyle": {
        "type": "Direct",
        "requested": "[5.3.0, )",
        "resolved": "5.3.0",
        "contentHash": "VM6uR0nReUDiK3+Ku9DTFTcF9ZmlnpUDKs1UEme+MtcRYJntkLfxWCn4mp/UXJsRBp3izuu8YBPtRzGR1GV/mA=="
      },
      "Microsoft.NET.ILLink.Tasks": {
        "type": "Direct",
        "requested": "[10.0.9, )",
        "resolved": "10.0.9",
        "contentHash": "4Iw41e2h7I4t70SJcX2GCmbyKJIlA273Cfm9RJMM050/3VBejGAG1KcthP5Z2L6SQcbfbf6BhNWO26+ZG+GzMg=="
      },
      "Microsoft.Sbom.Targets": {
        "type": "Direct",
        "requested": "[4.1.5, )",
        "resolved": "4.1.5",
        "contentHash": "i5z+cNu/cOcdO0AgFB8aXk8w6In2H+haaDfSgd9ImvQIK+rSHavHZIogVoAZLL8jLwYx4bAcs5b7EyuMMG4mQQ=="
      },
      "Microsoft.Testing.Extensions.CodeCoverage": {
        "type": "Direct",
        "requested": "[18.5.2, )",
        "resolved": "18.5.2",
        "contentHash": "UNcGLx9pVtlXF8MPDR8KDp+/OKKNIJjpzwRyZSt609TSGvaD8mtuQMb5GKZvhMucPp0a5Juvn3kxXDceQZWmAg==",
        "dependencies": {
          "Microsoft.DiaSymReader": "2.2.3",
          "Microsoft.Extensions.DependencyModel": "8.0.2",
          "Microsoft.Testing.Platform": "2.1.0"
        }
      },
      "Microsoft.Testing.Extensions.TrxReport": {
        "type": "Direct",
        "requested": "[2.2.3, )",
        "resolved": "2.2.3",
        "contentHash": "9Hot3ty5ZVWHrW40k2NPfD0dCaPwIxj7j7VjujNYwpYkYw9AdbejPHjGNkL/gvUWorauJf5IkeDoUeIbS7LuUg==",
        "dependencies": {
          "Microsoft.Testing.Extensions.TrxReport.Abstractions": "2.2.3",
          "Microsoft.Testing.Platform": "2.2.3"
        }
      },
      "MSTest.TestAdapter": {
        "type": "Direct",
        "requested": "[4.2.3, )",
        "resolved": "4.2.3",
        "contentHash": "oVV/luk0bBghnVvLaw8MwFlD7It0Cx9P2nKobeqIafmTQqFFWY69Wo801dxjeNaLzO/o9WQ84WSK84gXJuubhg==",
        "dependencies": {
          "MSTest.TestFramework": "4.2.3",
          "Microsoft.Testing.Extensions.VSTestBridge": "2.2.3",
          "Microsoft.Testing.Platform.MSBuild": "2.2.3"
        }
      },
      "MSTest.TestFramework": {
        "type": "Direct",
        "requested": "[4.2.3, )",
        "resolved": "4.2.3",
        "contentHash": "9zzij59YLh+tf+FRLNqhzHjmdspR91bol+jdQxLlxxTGMAML6LDbvuyXKMGdcrE84+QpKkk6KjTVBC5PBGrDeA==",
        "dependencies": {
          "MSTest.Analyzers": "4.2.3"
        }
      },
      "Microsoft.ApplicationInsights": {
        "type": "Transitive",
        "resolved": "2.23.0",
        "contentHash": "nWArUZTdU7iqZLycLKWe0TDms48KKGE6pONH2terYNa8REXiqixrMOkf1sk5DHGMaUTqONU2YkS4SAXBhLStgw=="
      },
      "Microsoft.DiaSymReader": {
        "type": "Transitive",
        "resolved": "2.2.3",
        "contentHash": "bhwzJfzyiJM0nXJyNB7Y9OfsEXyxLdDBHG99soIp5JjnPydwkOaBdRCtRtWgQh3noSLi2cSIZ/wpbHNNE9knxQ=="
      },
      "Microsoft.Extensions.DependencyModel": {
        "type": "Transitive",
        "resolved": "8.0.2",
        "contentHash": "mUBDZZRgZrSyFOsJ2qJJ9fXfqd/kXJwf3AiDoqLD9m6TjY5OO/vLNOb9fb4juC0487eq4hcGN/M2Rh/CKS7QYw=="
      },
      "Microsoft.Testing.Extensions.Telemetry": {
        "type": "Transitive",
        "resolved": "2.2.3",
        "contentHash": "mLdW+JOR3kXYGTdgR/qc/UZBA0r+eCR2k6bUxTcuDj5w9WdIQ7Lol5MBUU7YOSGd9bs9bvhSYWAptgz0YtQqCA==",
        "dependencies": {
          "Microsoft.ApplicationInsights": "2.23.0",
          "Microsoft.Testing.Platform": "2.2.3"
        }
      },
      "Microsoft.Testing.Extensions.TrxReport.Abstractions": {
        "type": "Transitive",
        "resolved": "2.2.3",
        "contentHash": "hntvxJEkmUAx6C2xXc/PO38DqEQl4rimzOgSvTR1hAMruMid7R4RcXOrzzF33J66gKaN7jRaQ0TMW/nNfaV9jw==",
        "dependencies": {
          "Microsoft.Testing.Platform": "2.2.3"
        }
      },
      "Microsoft.Testing.Extensions.VSTestBridge": {
        "type": "Transitive",
        "resolved": "2.2.3",
        "contentHash": "7WlJISO8QKUK+d+WhgnANwy4ACwUrvICnviY/mthPwjZ2gVeDaSUAeBnMy2cxfzZgm8VATtGUDbYzUxsgV2CyQ==",
        "dependencies": {
          "Microsoft.TestPlatform.ObjectModel": "18.3.0",
          "Microsoft.Testing.Extensions.Telemetry": "2.2.3",
          "Microsoft.Testing.Extensions.TrxReport.Abstractions": "2.2.3",
          "Microsoft.Testing.Platform": "2.2.3"
        }
      },
      "Microsoft.Testing.Platform": {
        "type": "Transitive",
        "resolved": "2.2.3",
        "contentHash": "LhM1/Qoi8Ams5QcD4r3f09CSOono9iQr3NEJQItFtyzWB55nWTgEOsVqXqMWWWIwk3nkPqc+XfnlJmp8xUI5fg=="
      },
      "Microsoft.Testing.Platform.MSBuild": {
        "type": "Transitive",
        "resolved": "2.2.3",
        "contentHash": "Q22jJYJLx4srTinsAuoCskqmzjrBJC8YeGJMHHIcrf1dQeHoEZ7wsqDzTlENkMoke2qfufF7U+9u58nlZunH/Q==",
        "dependencies": {
          "Microsoft.Testing.Platform": "2.2.3"
        }
      },
      "Microsoft.TestPlatform.ObjectModel": {
        "type": "Transitive",
        "resolved": "18.3.0",
        "contentHash": "AEIEX2aWdPO9XbtR96eBaJxmXRD9vaI9uQ1T/JbPEKlTAZwYx0ZrMzKyULMdh/HH9Sg03kXCoN7LszQ90o6nPQ=="
      },
      "MSTest.Analyzers": {
        "type": "Transitive",
        "resolved": "4.2.3",
        "contentHash": "dxOZt8/LWuiox7rugInJoIa5Mmu3pBmXdfaoZOx/mxx8+sUFFpjBXPlWXQXGeWzpkVPNC3x1Jf7rt2h2Zjyvvg=="
      },
      "BlueBlaze.LexiconGenerator.MSBuild": {
        "type": "Project"
      }
    },
    "net10.0/linux-x64": {
      "Microsoft.Testing.Extensions.CodeCoverage": {
        "type": "Direct",
        "requested": "[18.5.2, )",
        "resolved": "18.5.2",
        "contentHash": "UNcGLx9pVtlXF8MPDR8KDp+/OKKNIJjpzwRyZSt609TSGvaD8mtuQMb5GKZvhMucPp0a5Juvn3kxXDceQZWmAg==",
        "dependencies": {
          "Microsoft.DiaSymReader": "2.2.3",
          "Microsoft.Extensions.DependencyModel": "8.0.2",
          "Microsoft.Testing.Platform": "2.1.0"
        }
      }
    },
    "net10.0/win-x64": {
      "Microsoft.Testing.Extensions.CodeCoverage": {
        "type": "Direct",
        "requested": "[18.5.2, )",
        "resolved": "18.5.2",
        "contentHash": "UNcGLx9pVtlXF8MPDR8KDp+/OKKNIJjpzwRyZSt609TSGvaD8mtuQMb5GKZvhMucPp0a5Juvn3kxXDceQZWmAg==",
        "dependencies": {
          "Microsoft.DiaSymReader": "2.2.3",
          "Microsoft.Extensions.DependencyModel": "8.0.2",
          "Microsoft.Testing.Platform": "2.1.0"
        }
      }
    }
  }
}