{
  "version": 2,
  "dependencies": {
    ".NETFramework,Version=v4.8.1": {
      "Microsoft.CodeAnalysis.CSharp.CodeStyle": {
        "type": "Direct",
        "requested": "[5.6.0, )",
        "resolved": "5.6.0",
        "contentHash": "Egy5QVz6J403MNj9cphWCwiU1ARbUa1nwM2S/0UnlaRt7K32JVr5uRfa1WYR1OmzPd/clTM+CJx8DWfxEqJ0fA=="
      },
      "Microsoft.NETFramework.ReferenceAssemblies": {
        "type": "Direct",
        "requested": "[1.0.3, )",
        "resolved": "1.0.3",
        "contentHash": "vUc9Npcs14QsyOD01tnv/m8sQUnGTGOw1BCmKcv77LBJY7OxhJ+zJF7UD/sCL3lYNFuqmQEVlkfS4Quif6FyYg==",
        "dependencies": {
          "Microsoft.NETFramework.ReferenceAssemblies.net481": "1.0.3"
        }
      },
      "Microsoft.Sbom.Targets": {
        "type": "Direct",
        "requested": "[4.1.5, )",
        "resolved": "4.1.5",
        "contentHash": "i5z+cNu/cOcdO0AgFB8aXk8w6In2H+haaDfSgd9ImvQIK+rSHavHZIogVoAZLL8jLwYx4bAcs5b7EyuMMG4mQQ=="
      },
      "Microsoft.NETFramework.ReferenceAssemblies.net481": {
        "type": "Transitive",
        "resolved": "1.0.3",
        "contentHash": "Vv/20vgHS7VglVOVh8J3Iz/MA+VYKVRp9f7r2qiKBMuzviTOmocG70yq0Q8T5OTmCONkEAIJwETD1zhEfLkAXQ=="
      }
    },
    ".NETFramework,Version=v4.8.1/linux-arm64": {},
    ".NETFramework,Version=v4.8.1/linux-x64": {},
    ".NETFramework,Version=v4.8.1/osx-arm64": {},
    ".NETFramework,Version=v4.8.1/win-arm64": {},
    ".NETFramework,Version=v4.8.1/win-x64": {},
    ".NETFramework,Version=v4.8.1/win-x86": {},
    ".NETStandard,Version=v2.0": {
      "Microsoft.CodeAnalysis.CSharp.CodeStyle": {
        "type": "Direct",
        "requested": "[5.6.0, )",
        "resolved": "5.6.0",
        "contentHash": "Egy5QVz6J403MNj9cphWCwiU1ARbUa1nwM2S/0UnlaRt7K32JVr5uRfa1WYR1OmzPd/clTM+CJx8DWfxEqJ0fA=="
      },
      "Microsoft.Sbom.Targets": {
        "type": "Direct",
        "requested": "[4.1.5, )",
        "resolved": "4.1.5",
        "contentHash": "i5z+cNu/cOcdO0AgFB8aXk8w6In2H+haaDfSgd9ImvQIK+rSHavHZIogVoAZLL8jLwYx4bAcs5b7EyuMMG4mQQ=="
      }
    },
    ".NETStandard,Version=v2.0/linux-arm64": {},
    ".NETStandard,Version=v2.0/linux-x64": {},
    ".NETStandard,Version=v2.0/osx-arm64": {},
    ".NETStandard,Version=v2.0/win-arm64": {},
    ".NETStandard,Version=v2.0/win-x64": {},
    ".NETStandard,Version=v2.0/win-x86": {},
    "net10.0": {
      "Microsoft.CodeAnalysis.CSharp.CodeStyle": {
        "type": "Direct",
        "requested": "[5.6.0, )",
        "resolved": "5.6.0",
        "contentHash": "Egy5QVz6J403MNj9cphWCwiU1ARbUa1nwM2S/0UnlaRt7K32JVr5uRfa1WYR1OmzPd/clTM+CJx8DWfxEqJ0fA=="
      },
      "Microsoft.NET.ILLink.Tasks": {
        "type": "Direct",
        "requested": "[10.0.10, )",
        "resolved": "10.0.10",
        "contentHash": "f5VCIE7AJpd5YvzNTeMGVzQIgyE9tX+AreTYwQF+REbu+DZo/2Ae+jNSwhPEYrVz6RRkd7y8ubXjk6Nn6Ka+Cg=="
      },
      "Microsoft.Sbom.Targets": {
        "type": "Direct",
        "requested": "[4.1.5, )",
        "resolved": "4.1.5",
        "contentHash": "i5z+cNu/cOcdO0AgFB8aXk8w6In2H+haaDfSgd9ImvQIK+rSHavHZIogVoAZLL8jLwYx4bAcs5b7EyuMMG4mQQ=="
      }
    },
    "net10.0/linux-arm64": {},
    "net10.0/linux-x64": {},
    "net10.0/osx-arm64": {},
    "net10.0/win-arm64": {},
    "net10.0/win-x64": {},
    "net10.0/win-x86": {}
  }
}